
Microsoft Visual Studio Solution File, Format Version 12.00
# Visual Studio Version 16
VisualStudioVersion = 16.0.30413.136
MinimumVisualStudioVersion = 10.0.40219.1
Project("{FAE04EC0-301F-11D3-BF4B-00C04F79EFBC}") = "Lab05", "Lab05\Lab05.csproj", "{03C93AA1-A337-4EFD-95C9-523C89BFB203}"
EndProject
Project("{FAE04EC0-301F-11D3-BF4B-00C04F79EFBC}") = "Product", "Product\Product.csproj", "{A4A1ACB8-E142-445B-9836-86F6D5E5FF01}"
EndProject
Global
	GlobalSection(SolutionConfigurationPlatforms) = preSolution
		Debug|Any CPU = Debug|Any CPU
		Release|Any CPU = Release|Any CPU
	EndGlobalSection
	GlobalSection(ProjectConfigurationPlatforms) = postSolution
		{03C93AA1-A337-4EFD-95C9-523C89BFB203}.Debug|Any CPU.ActiveCfg = Debug|Any CPU
		{03C93AA1-A337-4EFD-95C9-523C89BFB203}.Debug|Any CPU.Build.0 = Debug|Any CPU
		{03C93AA1-A337-4EFD-95C9-523C89BFB203}.Release|Any CPU.ActiveCfg = Release|Any CPU
		{03C93AA1-A337-4EFD-95C9-523C89BFB203}.Release|Any CPU.Build.0 = Release|Any CPU
		{A4A1ACB8-E142-445B-9836-86F6D5E5FF01}.Debug|Any CPU.ActiveCfg = Debug|Any CPU
		{A4A1ACB8-E142-445B-9836-86F6D5E5FF01}.Debug|Any CPU.Build.0 = Debug|Any CPU
		{A4A1ACB8-E142-445B-9836-86F6D5E5FF01}.Release|Any CPU.ActiveCfg = Release|Any CPU
		{A4A1ACB8-E142-445B-9836-86F6D5E5FF01}.Release|Any CPU.Build.0 = Release|Any CPU
	EndGlobalSection
	GlobalSection(SolutionProperties) = preSolution
		HideSolutionNode = FALSE
	EndGlobalSection
	GlobalSection(ExtensibilityGlobals) = postSolution
		SolutionGuid = {BFD1B2F1-EA4F-4A02-AABC-5E6687CC50E3}
	EndGlobalSection
EndGlobal
